
Microsoft Visual Studio Solution File, Format Version 12.00
# Visual Studio Version 17
VisualStudioVersion = 17.14.36623.8 d17.14
MinimumVisualStudioVersion = 10.0.40219.1
Project("{FAE04EC0-301F-11D3-BF4B-00C04F79EFBC}") = "QueryTerminal", "QueryTerminal.csproj", "{9EF40218-34AD-4D0A-8987-03D49701D32A}"
EndProject
Global
	GlobalSection(SolutionConfigurationPlatforms) = preSolution
		Debug|Any CPU = Debug|Any CPU
		Release|Any CPU = Release|Any CPU
	EndGlobalSection
	GlobalSection(ProjectConfigurationPlatforms) = postSolution
		{9EF40218-34AD-4D0A-8987-03D49701D32A}.Debug|Any CPU.ActiveCfg = Debug|Any CPU
		{9EF40218-34AD-4D0A-8987-03D49701D32A}.Debug|Any CPU.Build.0 = Debug|Any CPU
		{9EF40218-34AD-4D0A-8987-03D49701D32A}.Release|Any CPU.ActiveCfg = Release|Any CPU
		{9EF40218-34AD-4D0A-8987-03D49701D32A}.Release|Any CPU.Build.0 = Release|Any CPU
	EndGlobalSection
	GlobalSection(SolutionProperties) = preSolution
		HideSolutionNode = FALSE
	EndGlobalSection
	GlobalSection(ExtensibilityGlobals) = postSolution
		SolutionGuid = {72798BBC-3F49-448B-B9A3-F61FEA08FB8D}
	EndGlobalSection
EndGlobal
